
Microsoft Visual Studio Solution File, Format Version 12.00
# Visual Studio 2012
Project("{FAE04EC0-301F-11D3-BF4B-00C04F79EFBC}") = "MaterialControlsDemo", "XamarinUILibDemo\MaterialControlsDemo.csproj", "{04C8C0FC-A73B-4F35-AAC9-CFDBAA180F05}"
EndProject
Project("{FAE04EC0-301F-11D3-BF4B-00C04F79EFBC}") = "MaterialControls", "XamarinUILib\MaterialControls.csproj", "{78781EA1-98F6-4895-9E8A-64A94385FF4A}"
EndProject
Project("{FAE04EC0-301F-11D3-BF4B-00C04F79EFBC}") = "MaterialControls.Core", "XamarinUILib.Core\MaterialControls.Core.csproj", "{E30A8AB0-FE0A-4264-9906-8A21B7FB4F49}"
EndProject
Project("{FAE04EC0-301F-11D3-BF4B-00C04F79EFBC}") = "MaterialControls.iOS", "XamarinUILib.iOS\MaterialControls.iOS.csproj", "{497C0D2B-67EF-46AA-8B41-EC5165819438}"
EndProject
Project("{FAE04EC0-301F-11D3-BF4B-00C04F79EFBC}") = "MaterialControls.Android", "XamarinUILib.Android\MaterialControls.Android.csproj", "{E6CD6F08-807A-4E88-9759-E1B01EE35068}"
EndProject
Project("{FAE04EC0-301F-11D3-BF4B-00C04F79EFBC}") = "MaterialControls.Android.UITests", "XamarinUILib.Android.UITests\MaterialControls.Android.UITests.csproj", "{4DFC8FA2-903E-44B7-9019-203492740F80}"
EndProject
Global
	GlobalSection(SolutionConfigurationPlatforms) = preSolution
		Debug|Any CPU = Debug|Any CPU
		Release|Any CPU = Release|Any CPU
		Debug|iPhoneSimulator = Debug|iPhoneSimulator
		Release|iPhoneSimulator = Release|iPhoneSimulator
		Debug|iPhone = Debug|iPhone
		Release|iPhone = Release|iPhone
		Ad-Hoc|iPhone = Ad-Hoc|iPhone
		AppStore|iPhone = AppStore|iPhone
	EndGlobalSection
	GlobalSection(ProjectConfigurationPlatforms) = postSolution
		{04C8C0FC-A73B-4F35-AAC9-CFDBAA180F05}.Ad-Hoc|iPhone.ActiveCfg = Ad-Hoc|iPhone
		{04C8C0FC-A73B-4F35-AAC9-CFDBAA180F05}.Ad-Hoc|iPhone.Build.0 = Ad-Hoc|iPhone
		{04C8C0FC-A73B-4F35-AAC9-CFDBAA180F05}.AppStore|iPhone.ActiveCfg = AppStore|iPhone
		{04C8C0FC-A73B-4F35-AAC9-CFDBAA180F05}.AppStore|iPhone.Build.0 = AppStore|iPhone
		{04C8C0FC-A73B-4F35-AAC9-CFDBAA180F05}.Debug|Any CPU.ActiveCfg = Debug|iPhoneSimulator
		{04C8C0FC-A73B-4F35-AAC9-CFDBAA180F05}.Debug|Any CPU.Build.0 = Debug|iPhoneSimulator
		{04C8C0FC-A73B-4F35-AAC9-CFDBAA180F05}.Debug|iPhone.ActiveCfg = Debug|iPhone
		{04C8C0FC-A73B-4F35-AAC9-CFDBAA180F05}.Debug|iPhone.Build.0 = Debug|iPhone
		{04C8C0FC-A73B-4F35-AAC9-CFDBAA180F05}.Debug|iPhoneSimulator.ActiveCfg = Debug|iPhoneSimulator
		{04C8C0FC-A73B-4F35-AAC9-CFDBAA180F05}.Debug|iPhoneSimulator.Build.0 = Debug|iPhoneSimulator
		{04C8C0FC-A73B-4F35-AAC9-CFDBAA180F05}.Release|Any CPU.ActiveCfg = Release|iPhoneSimulator
		{04C8C0FC-A73B-4F35-AAC9-CFDBAA180F05}.Release|Any CPU.Build.0 = Release|iPhoneSimulator
		{04C8C0FC-A73B-4F35-AAC9-CFDBAA180F05}.Release|iPhone.ActiveCfg = Release|iPhone
		{04C8C0FC-A73B-4F35-AAC9-CFDBAA180F05}.Release|iPhone.Build.0 = Release|iPhone
		{04C8C0FC-A73B-4F35-AAC9-CFDBAA180F05}.Release|iPhoneSimulator.ActiveCfg = Release|iPhoneSimulator
		{04C8C0FC-A73B-4F35-AAC9-CFDBAA180F05}.Release|iPhoneSimulator.Build.0 = Release|iPhoneSimulator
		{497C0D2B-67EF-46AA-8B41-EC5165819438}.Ad-Hoc|iPhone.ActiveCfg = Release|iPhone
		{497C0D2B-67EF-46AA-8B41-EC5165819438}.Ad-Hoc|iPhone.Build.0 = Release|iPhone
		{497C0D2B-67EF-46AA-8B41-EC5165819438}.AppStore|iPhone.ActiveCfg = Release|iPhone
		{497C0D2B-67EF-46AA-8B41-EC5165819438}.AppStore|iPhone.Build.0 = Release|iPhone
		{497C0D2B-67EF-46AA-8B41-EC5165819438}.Debug|Any CPU.ActiveCfg = Debug|iPhoneSimulator
		{497C0D2B-67EF-46AA-8B41-EC5165819438}.Debug|Any CPU.Build.0 = Debug|iPhoneSimulator
		{497C0D2B-67EF-46AA-8B41-EC5165819438}.Debug|iPhone.ActiveCfg = Debug|iPhone
		{497C0D2B-67EF-46AA-8B41-EC5165819438}.Debug|iPhone.Build.0 = Debug|iPhone
		{497C0D2B-67EF-46AA-8B41-EC5165819438}.Debug|iPhoneSimulator.ActiveCfg = Debug|iPhoneSimulator
		{497C0D2B-67EF-46AA-8B41-EC5165819438}.Debug|iPhoneSimulator.Build.0 = Debug|iPhoneSimulator
		{497C0D2B-67EF-46AA-8B41-EC5165819438}.Release|Any CPU.ActiveCfg = Release|iPhoneSimulator
		{497C0D2B-67EF-46AA-8B41-EC5165819438}.Release|Any CPU.Build.0 = Release|iPhoneSimulator
		{497C0D2B-67EF-46AA-8B41-EC5165819438}.Release|iPhone.ActiveCfg = Release|iPhone
		{497C0D2B-67EF-46AA-8B41-EC5165819438}.Release|iPhone.Build.0 = Release|iPhone
		{497C0D2B-67EF-46AA-8B41-EC5165819438}.Release|iPhoneSimulator.ActiveCfg = Release|iPhoneSimulator
		{497C0D2B-67EF-46AA-8B41-EC5165819438}.Release|iPhoneSimulator.Build.0 = Release|iPhoneSimulator
		{4DFC8FA2-903E-44B7-9019-203492740F80}.Ad-Hoc|iPhone.ActiveCfg = Release|Any CPU
		{4DFC8FA2-903E-44B7-9019-203492740F80}.Ad-Hoc|iPhone.Build.0 = Release|Any CPU
		{4DFC8FA2-903E-44B7-9019-203492740F80}.AppStore|iPhone.ActiveCfg = Release|Any CPU
		{4DFC8FA2-903E-44B7-9019-203492740F80}.AppStore|iPhone.Build.0 = Release|Any CPU
		{4DFC8FA2-903E-44B7-9019-203492740F80}.Debug|Any CPU.ActiveCfg = Debug|Any CPU
		{4DFC8FA2-903E-44B7-9019-203492740F80}.Debug|Any CPU.Build.0 = Debug|Any CPU
		{4DFC8FA2-903E-44B7-9019-203492740F80}.Debug|iPhone.ActiveCfg = Debug|Any CPU
		{4DFC8FA2-903E-44B7-9019-203492740F80}.Debug|iPhone.Build.0 = Debug|Any CPU
		{4DFC8FA2-903E-44B7-9019-203492740F80}.Debug|iPhoneSimulator.ActiveCfg = Debug|Any CPU
		{4DFC8FA2-903E-44B7-9019-203492740F80}.Debug|iPhoneSimulator.Build.0 = Debug|Any CPU
		{4DFC8FA2-903E-44B7-9019-203492740F80}.Release|Any CPU.ActiveCfg = Release|Any CPU
		{4DFC8FA2-903E-44B7-9019-203492740F80}.Release|Any CPU.Build.0 = Release|Any CPU
		{4DFC8FA2-903E-44B7-9019-203492740F80}.Release|iPhone.ActiveCfg = Release|Any CPU
		{4DFC8FA2-903E-44B7-9019-203492740F80}.Release|iPhone.Build.0 = Release|Any CPU
		{4DFC8FA2-903E-44B7-9019-203492740F80}.Release|iPhoneSimulator.ActiveCfg = Release|Any CPU
		{4DFC8FA2-903E-44B7-9019-203492740F80}.Release|iPhoneSimulator.Build.0 = Release|Any CPU
		{78781EA1-98F6-4895-9E8A-64A94385FF4A}.Ad-Hoc|iPhone.ActiveCfg = Release|Any CPU
		{78781EA1-98F6-4895-9E8A-64A94385FF4A}.Ad-Hoc|iPhone.Build.0 = Release|Any CPU
		{78781EA1-98F6-4895-9E8A-64A94385FF4A}.AppStore|iPhone.ActiveCfg = Release|Any CPU
		{78781EA1-98F6-4895-9E8A-64A94385FF4A}.AppStore|iPhone.Build.0 = Release|Any CPU
		{78781EA1-98F6-4895-9E8A-64A94385FF4A}.Debug|Any CPU.ActiveCfg = Debug|Any CPU
		{78781EA1-98F6-4895-9E8A-64A94385FF4A}.Debug|Any CPU.Build.0 = Debug|Any CPU
		{78781EA1-98F6-4895-9E8A-64A94385FF4A}.Debug|iPhone.ActiveCfg = Debug|Any CPU
		{78781EA1-98F6-4895-9E8A-64A94385FF4A}.Debug|iPhone.Build.0 = Debug|Any CPU
		{78781EA1-98F6-4895-9E8A-64A94385FF4A}.Debug|iPhoneSimulator.ActiveCfg = Debug|Any CPU
		{78781EA1-98F6-4895-9E8A-64A94385FF4A}.Debug|iPhoneSimulator.Build.0 = Debug|Any CPU
		{78781EA1-98F6-4895-9E8A-64A94385FF4A}.Release|Any CPU.ActiveCfg = Release|Any CPU
		{78781EA1-98F6-4895-9E8A-64A94385FF4A}.Release|Any CPU.Build.0 = Release|Any CPU
		{78781EA1-98F6-4895-9E8A-64A94385FF4A}.Release|iPhone.ActiveCfg = Release|Any CPU
		{78781EA1-98F6-4895-9E8A-64A94385FF4A}.Release|iPhone.Build.0 = Release|Any CPU
		{78781EA1-98F6-4895-9E8A-64A94385FF4A}.Release|iPhoneSimulator.ActiveCfg = Release|Any CPU
		{78781EA1-98F6-4895-9E8A-64A94385FF4A}.Release|iPhoneSimulator.Build.0 = Release|Any CPU
		{E30A8AB0-FE0A-4264-9906-8A21B7FB4F49}.Ad-Hoc|iPhone.ActiveCfg = Release|Any CPU
		{E30A8AB0-FE0A-4264-9906-8A21B7FB4F49}.Ad-Hoc|iPhone.Build.0 = Release|Any CPU
		{E30A8AB0-FE0A-4264-9906-8A21B7FB4F49}.AppStore|iPhone.ActiveCfg = Release|Any CPU
		{E30A8AB0-FE0A-4264-9906-8A21B7FB4F49}.AppStore|iPhone.Build.0 = Release|Any CPU
		{E30A8AB0-FE0A-4264-9906-8A21B7FB4F49}.Debug|Any CPU.ActiveCfg = Debug|Any CPU
		{E30A8AB0-FE0A-4264-9906-8A21B7FB4F49}.Debug|Any CPU.Build.0 = Debug|Any CPU
		{E30A8AB0-FE0A-4264-9906-8A21B7FB4F49}.Debug|iPhone.ActiveCfg = Debug|Any CPU
		{E30A8AB0-FE0A-4264-9906-8A21B7FB4F49}.Debug|iPhone.Build.0 = Debug|Any CPU
		{E30A8AB0-FE0A-4264-9906-8A21B7FB4F49}.Debug|iPhoneSimulator.ActiveCfg = Debug|Any CPU
		{E30A8AB0-FE0A-4264-9906-8A21B7FB4F49}.Debug|iPhoneSimulator.Build.0 = Debug|Any CPU
		{E30A8AB0-FE0A-4264-9906-8A21B7FB4F49}.Release|Any CPU.ActiveCfg = Release|Any CPU
		{E30A8AB0-FE0A-4264-9906-8A21B7FB4F49}.Release|Any CPU.Build.0 = Release|Any CPU
		{E30A8AB0-FE0A-4264-9906-8A21B7FB4F49}.Release|iPhone.ActiveCfg = Release|Any CPU
		{E30A8AB0-FE0A-4264-9906-8A21B7FB4F49}.Release|iPhone.Build.0 = Release|Any CPU
		{E30A8AB0-FE0A-4264-9906-8A21B7FB4F49}.Release|iPhoneSimulator.ActiveCfg = Release|Any CPU
		{E30A8AB0-FE0A-4264-9906-8A21B7FB4F49}.Release|iPhoneSimulator.Build.0 = Release|Any CPU
		{E6CD6F08-807A-4E88-9759-E1B01EE35068}.Ad-Hoc|iPhone.ActiveCfg = Release|Any CPU
		{E6CD6F08-807A-4E88-9759-E1B01EE35068}.Ad-Hoc|iPhone.Build.0 = Release|Any CPU
		{E6CD6F08-807A-4E88-9759-E1B01EE35068}.AppStore|iPhone.ActiveCfg = Release|Any CPU
		{E6CD6F08-807A-4E88-9759-E1B01EE35068}.AppStore|iPhone.Build.0 = Release|Any CPU
		{E6CD6F08-807A-4E88-9759-E1B01EE35068}.Debug|Any CPU.ActiveCfg = Debug|Any CPU
		{E6CD6F08-807A-4E88-9759-E1B01EE35068}.Debug|Any CPU.Build.0 = Debug|Any CPU
		{E6CD6F08-807A-4E88-9759-E1B01EE35068}.Debug|iPhone.ActiveCfg = Debug|Any CPU
		{E6CD6F08-807A-4E88-9759-E1B01EE35068}.Debug|iPhone.Build.0 = Debug|Any CPU
		{E6CD6F08-807A-4E88-9759-E1B01EE35068}.Debug|iPhoneSimulator.ActiveCfg = Debug|Any CPU
		{E6CD6F08-807A-4E88-9759-E1B01EE35068}.Debug|iPhoneSimulator.Build.0 = Debug|Any CPU
		{E6CD6F08-807A-4E88-9759-E1B01EE35068}.Release|Any CPU.ActiveCfg = Release|Any CPU
		{E6CD6F08-807A-4E88-9759-E1B01EE35068}.Release|Any CPU.Build.0 = Release|Any CPU
		{E6CD6F08-807A-4E88-9759-E1B01EE35068}.Release|iPhone.ActiveCfg = Release|Any CPU
		{E6CD6F08-807A-4E88-9759-E1B01EE35068}.Release|iPhone.Build.0 = Release|Any CPU
		{E6CD6F08-807A-4E88-9759-E1B01EE35068}.Release|iPhoneSimulator.ActiveCfg = Release|Any CPU
		{E6CD6F08-807A-4E88-9759-E1B01EE35068}.Release|iPhoneSimulator.Build.0 = Release|Any CPU
	EndGlobalSection
EndGlobal
