
Microsoft Visual Studio Solution File, Format Version 12.00
# Visual Studio 2012
Project("{FAE04EC0-301F-11D3-BF4B-00C04F79EFBC}") = "XamarinUILib", "XamarinUILib\XamarinUILib.csproj", "{78781EA1-98F6-4895-9E8A-64A94385FF4A}"
EndProject
Project("{FAE04EC0-301F-11D3-BF4B-00C04F79EFBC}") = "XamarinUILibDemo", "XamarinUILibDemo\XamarinUILibDemo.csproj", "{04C8C0FC-A73B-4F35-AAC9-CFDBAA180F05}"
EndProject
Global
	GlobalSection(SolutionConfigurationPlatforms) = preSolution
		Debug|Any CPU = Debug|Any CPU
		Release|Any CPU = Release|Any CPU
		Debug|iPhoneSimulator = Debug|iPhoneSimulator
		Release|iPhoneSimulator = Release|iPhoneSimulator
		Debug|iPhone = Debug|iPhone
		Release|iPhone = Release|iPhone
		Ad-Hoc|iPhone = Ad-Hoc|iPhone
		AppStore|iPhone = AppStore|iPhone
	EndGlobalSection
	GlobalSection(ProjectConfigurationPlatforms) = postSolution
		{04C8C0FC-A73B-4F35-AAC9-CFDBAA180F05}.Ad-Hoc|iPhone.ActiveCfg = Ad-Hoc|iPhone
		{04C8C0FC-A73B-4F35-AAC9-CFDBAA180F05}.Ad-Hoc|iPhone.Build.0 = Ad-Hoc|iPhone
		{04C8C0FC-A73B-4F35-AAC9-CFDBAA180F05}.AppStore|iPhone.ActiveCfg = AppStore|iPhone
		{04C8C0FC-A73B-4F35-AAC9-CFDBAA180F05}.AppStore|iPhone.Build.0 = AppStore|iPhone
		{04C8C0FC-A73B-4F35-AAC9-CFDBAA180F05}.Debug|Any CPU.ActiveCfg = Debug|iPhoneSimulator
		{04C8C0FC-A73B-4F35-AAC9-CFDBAA180F05}.Debug|Any CPU.Build.0 = Debug|iPhoneSimulator
		{04C8C0FC-A73B-4F35-AAC9-CFDBAA180F05}.Debug|iPhone.ActiveCfg = Debug|iPhone
		{04C8C0FC-A73B-4F35-AAC9-CFDBAA180F05}.Debug|iPhone.Build.0 = Debug|iPhone
		{04C8C0FC-A73B-4F35-AAC9-CFDBAA180F05}.Debug|iPhoneSimulator.ActiveCfg = Debug|iPhoneSimulator
		{04C8C0FC-A73B-4F35-AAC9-CFDBAA180F05}.Debug|iPhoneSimulator.Build.0 = Debug|iPhoneSimulator
		{04C8C0FC-A73B-4F35-AAC9-CFDBAA180F05}.Release|Any CPU.ActiveCfg = Release|iPhoneSimulator
		{04C8C0FC-A73B-4F35-AAC9-CFDBAA180F05}.Release|Any CPU.Build.0 = Release|iPhoneSimulator
		{04C8C0FC-A73B-4F35-AAC9-CFDBAA180F05}.Release|iPhone.ActiveCfg = Release|iPhone
		{04C8C0FC-A73B-4F35-AAC9-CFDBAA180F05}.Release|iPhone.Build.0 = Release|iPhone
		{04C8C0FC-A73B-4F35-AAC9-CFDBAA180F05}.Release|iPhoneSimulator.ActiveCfg = Release|iPhoneSimulator
		{04C8C0FC-A73B-4F35-AAC9-CFDBAA180F05}.Release|iPhoneSimulator.Build.0 = Release|iPhoneSimulator
		{78781EA1-98F6-4895-9E8A-64A94385FF4A}.Ad-Hoc|iPhone.ActiveCfg = Debug|Any CPU
		{78781EA1-98F6-4895-9E8A-64A94385FF4A}.Ad-Hoc|iPhone.Build.0 = Debug|Any CPU
		{78781EA1-98F6-4895-9E8A-64A94385FF4A}.AppStore|iPhone.ActiveCfg = Debug|Any CPU
		{78781EA1-98F6-4895-9E8A-64A94385FF4A}.AppStore|iPhone.Build.0 = Debug|Any CPU
		{78781EA1-98F6-4895-9E8A-64A94385FF4A}.Debug|Any CPU.ActiveCfg = Debug|Any CPU
		{78781EA1-98F6-4895-9E8A-64A94385FF4A}.Debug|Any CPU.Build.0 = Debug|Any CPU
		{78781EA1-98F6-4895-9E8A-64A94385FF4A}.Debug|iPhone.ActiveCfg = Debug|Any CPU
		{78781EA1-98F6-4895-9E8A-64A94385FF4A}.Debug|iPhone.Build.0 = Debug|Any CPU
		{78781EA1-98F6-4895-9E8A-64A94385FF4A}.Debug|iPhoneSimulator.ActiveCfg = Debug|Any CPU
		{78781EA1-98F6-4895-9E8A-64A94385FF4A}.Debug|iPhoneSimulator.Build.0 = Debug|Any CPU
		{78781EA1-98F6-4895-9E8A-64A94385FF4A}.Release|Any CPU.ActiveCfg = Release|Any CPU
		{78781EA1-98F6-4895-9E8A-64A94385FF4A}.Release|Any CPU.Build.0 = Release|Any CPU
		{78781EA1-98F6-4895-9E8A-64A94385FF4A}.Release|iPhone.ActiveCfg = Release|Any CPU
		{78781EA1-98F6-4895-9E8A-64A94385FF4A}.Release|iPhone.Build.0 = Release|Any CPU
		{78781EA1-98F6-4895-9E8A-64A94385FF4A}.Release|iPhoneSimulator.ActiveCfg = Release|Any CPU
		{78781EA1-98F6-4895-9E8A-64A94385FF4A}.Release|iPhoneSimulator.Build.0 = Release|Any CPU
	EndGlobalSection
EndGlobal
